
Microsoft Visual Studio Solution File, Format Version 12.00
# Visual Studio Version 16
VisualStudioVersion = 16.0.29418.71
MinimumVisualStudioVersion = 10.0.40219.1
Project("{9A19103F-16F7-4668-BE54-9A1E7A4F7556}") = "Event_Customer", "ConsoleApp8\Event_Customer.csproj", "{2767A41C-C151-4A68-AA3C-C9C3FF8B3C24}"
EndProject
Global
	GlobalSection(SolutionConfigurationPlatforms) = preSolution
		Debug|Any CPU = Debug|Any CPU
		Release|Any CPU = Release|Any CPU
	EndGlobalSection
	GlobalSection(ProjectConfigurationPlatforms) = postSolution
		{2767A41C-C151-4A68-AA3C-C9C3FF8B3C24}.Debug|Any CPU.ActiveCfg = Debug|Any CPU
		{2767A41C-C151-4A68-AA3C-C9C3FF8B3C24}.Debug|Any CPU.Build.0 = Debug|Any CPU
		{2767A41C-C151-4A68-AA3C-C9C3FF8B3C24}.Release|Any CPU.ActiveCfg = Release|Any CPU
		{2767A41C-C151-4A68-AA3C-C9C3FF8B3C24}.Release|Any CPU.Build.0 = Release|Any CPU
	EndGlobalSection
	GlobalSection(SolutionProperties) = preSolution
		HideSolutionNode = FALSE
	EndGlobalSection
	GlobalSection(ExtensibilityGlobals) = postSolution
		SolutionGuid = {CD7842A7-0FAA-4CC3-B462-B22B9BDCE0CD}
	EndGlobalSection
EndGlobal
